
Microsoft Visual Studio Solution File, Format Version 12.00
# Visual Studio Version 17
VisualStudioVersion = 17.13.35818.85
MinimumVisualStudioVersion = 10.0.40219.1
Project("{FAE04EC0-301F-11D3-BF4B-00C04F79EFBC}") = "LocalFantasyLeagueTests", "LocalFantasyLeagueTests\LocalFantasyLeagueTests.csproj", "{7E7E2728-5838-4AAA-B234-F454DA4A06EB}"
EndProject
Project("{FAE04EC0-301F-11D3-BF4B-00C04F79EFBC}") = "LocalFantasyLeague", "LocalFantasyLeague\LocalFantasyLeague.csproj", "{C00203A9-F950-4DB6-263E-F33801323CF4}"
EndProject
Global
	GlobalSection(SolutionConfigurationPlatforms) = preSolution
		Debug|Any CPU = Debug|Any CPU
		Release|Any CPU = Release|Any CPU
	EndGlobalSection
	GlobalSection(ProjectConfigurationPlatforms) = postSolution
		{7E7E2728-5838-4AAA-B234-F454DA4A06EB}.Debug|Any CPU.ActiveCfg = Debug|Any CPU
		{7E7E2728-5838-4AAA-B234-F454DA4A06EB}.Debug|Any CPU.Build.0 = Debug|Any CPU
		{7E7E2728-5838-4AAA-B234-F454DA4A06EB}.Release|Any CPU.ActiveCfg = Release|Any CPU
		{7E7E2728-5838-4AAA-B234-F454DA4A06EB}.Release|Any CPU.Build.0 = Release|Any CPU
		{C00203A9-F950-4DB6-263E-F33801323CF4}.Debug|Any CPU.ActiveCfg = Debug|Any CPU
		{C00203A9-F950-4DB6-263E-F33801323CF4}.Debug|Any CPU.Build.0 = Debug|Any CPU
		{C00203A9-F950-4DB6-263E-F33801323CF4}.Release|Any CPU.ActiveCfg = Release|Any CPU
		{C00203A9-F950-4DB6-263E-F33801323CF4}.Release|Any CPU.Build.0 = Release|Any CPU
	EndGlobalSection
	GlobalSection(SolutionProperties) = preSolution
		HideSolutionNode = FALSE
	EndGlobalSection
	GlobalSection(ExtensibilityGlobals) = postSolution
		SolutionGuid = {8F122C30-0C04-4966-BC21-23532D8D822C}
	EndGlobalSection
EndGlobal
